
Microsoft Visual Studio Solution File, Format Version 12.00
Project("{FAE04EC0-301F-11D3-BF4B-00C04F79EFBC}") = "LangC", "LangC\LangC.csproj", "{DB833375-A7A0-4664-8291-F9AE348E798B}"
EndProject
Project("{FAE04EC0-301F-11D3-BF4B-00C04F79EFBC}") = "TestPlugin", "TestPlugin\TestPlugin.csproj", "{6872A123-7C14-4EC4-8C4D-1CB83DD923D4}"
EndProject
Project("{FAE04EC0-301F-11D3-BF4B-00C04F79EFBC}") = "TestPlugin.UI", "TestPlugin.UI\TestPlugin.UI.csproj", "{3A736BF7-0D9C-45A7-8BFE-0A2684C85586}"
EndProject
Project("{FAE04EC0-301F-11D3-BF4B-00C04F79EFBC}") = "MarkdownViewer", "MarkdownViewer\MarkdownViewer.csproj", "{2576C227-2286-4B6F-84BA-6EA6F4F3DCEB}"
EndProject
Project("{FAE04EC0-301F-11D3-BF4B-00C04F79EFBC}") = "TestGeneratorUpdateService", "TestGeneratorUpdateService\TestGeneratorUpdateService.csproj", "{09FE5283-588E-401A-A7AF-2E9EA8208646}"
EndProject
Project("{FAE04EC0-301F-11D3-BF4B-00C04F79EFBC}") = "MarkdownReports", "MarkdownReports\MarkdownReports.csproj", "{D2F168B1-10D9-45CA-9563-36E86DD5E9FC}"
EndProject
Project("{FAE04EC0-301F-11D3-BF4B-00C04F79EFBC}") = "PluginAdmin", "PluginAdmin\PluginAdmin.csproj", "{AA65CFB4-6A02-4623-8A21-2135A4BDBC6E}"
EndProject
Project("{FAE04EC0-301F-11D3-BF4B-00C04F79EFBC}") = "LangPython", "LangPython\LangPython.csproj", "{E01EC6A3-2145-4555-AD1B-B32F5481147B}"
EndProject
Global
	GlobalSection(SolutionConfigurationPlatforms) = preSolution
		Debug|Any CPU = Debug|Any CPU
		Release|Any CPU = Release|Any CPU
	EndGlobalSection
	GlobalSection(ProjectConfigurationPlatforms) = postSolution
		{DB833375-A7A0-4664-8291-F9AE348E798B}.Debug|Any CPU.ActiveCfg = Debug|Any CPU
		{DB833375-A7A0-4664-8291-F9AE348E798B}.Debug|Any CPU.Build.0 = Debug|Any CPU
		{DB833375-A7A0-4664-8291-F9AE348E798B}.Release|Any CPU.ActiveCfg = Release|Any CPU
		{DB833375-A7A0-4664-8291-F9AE348E798B}.Release|Any CPU.Build.0 = Release|Any CPU
		{6872A123-7C14-4EC4-8C4D-1CB83DD923D4}.Debug|Any CPU.ActiveCfg = Debug|Any CPU
		{6872A123-7C14-4EC4-8C4D-1CB83DD923D4}.Debug|Any CPU.Build.0 = Debug|Any CPU
		{6872A123-7C14-4EC4-8C4D-1CB83DD923D4}.Release|Any CPU.ActiveCfg = Release|Any CPU
		{6872A123-7C14-4EC4-8C4D-1CB83DD923D4}.Release|Any CPU.Build.0 = Release|Any CPU
		{3A736BF7-0D9C-45A7-8BFE-0A2684C85586}.Debug|Any CPU.ActiveCfg = Debug|Any CPU
		{3A736BF7-0D9C-45A7-8BFE-0A2684C85586}.Debug|Any CPU.Build.0 = Debug|Any CPU
		{3A736BF7-0D9C-45A7-8BFE-0A2684C85586}.Release|Any CPU.ActiveCfg = Release|Any CPU
		{3A736BF7-0D9C-45A7-8BFE-0A2684C85586}.Release|Any CPU.Build.0 = Release|Any CPU
		{2576C227-2286-4B6F-84BA-6EA6F4F3DCEB}.Debug|Any CPU.ActiveCfg = Debug|Any CPU
		{2576C227-2286-4B6F-84BA-6EA6F4F3DCEB}.Debug|Any CPU.Build.0 = Debug|Any CPU
		{2576C227-2286-4B6F-84BA-6EA6F4F3DCEB}.Release|Any CPU.ActiveCfg = Release|Any CPU
		{2576C227-2286-4B6F-84BA-6EA6F4F3DCEB}.Release|Any CPU.Build.0 = Release|Any CPU
		{09FE5283-588E-401A-A7AF-2E9EA8208646}.Debug|Any CPU.ActiveCfg = Debug|Any CPU
		{09FE5283-588E-401A-A7AF-2E9EA8208646}.Debug|Any CPU.Build.0 = Debug|Any CPU
		{09FE5283-588E-401A-A7AF-2E9EA8208646}.Release|Any CPU.ActiveCfg = Release|Any CPU
		{09FE5283-588E-401A-A7AF-2E9EA8208646}.Release|Any CPU.Build.0 = Release|Any CPU
		{D2F168B1-10D9-45CA-9563-36E86DD5E9FC}.Debug|Any CPU.ActiveCfg = Debug|Any CPU
		{D2F168B1-10D9-45CA-9563-36E86DD5E9FC}.Debug|Any CPU.Build.0 = Debug|Any CPU
		{D2F168B1-10D9-45CA-9563-36E86DD5E9FC}.Release|Any CPU.ActiveCfg = Release|Any CPU
		{D2F168B1-10D9-45CA-9563-36E86DD5E9FC}.Release|Any CPU.Build.0 = Release|Any CPU
		{AA65CFB4-6A02-4623-8A21-2135A4BDBC6E}.Debug|Any CPU.ActiveCfg = Debug|Any CPU
		{AA65CFB4-6A02-4623-8A21-2135A4BDBC6E}.Debug|Any CPU.Build.0 = Debug|Any CPU
		{AA65CFB4-6A02-4623-8A21-2135A4BDBC6E}.Release|Any CPU.ActiveCfg = Release|Any CPU
		{AA65CFB4-6A02-4623-8A21-2135A4BDBC6E}.Release|Any CPU.Build.0 = Release|Any CPU
		{E01EC6A3-2145-4555-AD1B-B32F5481147B}.Debug|Any CPU.ActiveCfg = Debug|Any CPU
		{E01EC6A3-2145-4555-AD1B-B32F5481147B}.Debug|Any CPU.Build.0 = Debug|Any CPU
		{E01EC6A3-2145-4555-AD1B-B32F5481147B}.Release|Any CPU.ActiveCfg = Release|Any CPU
		{E01EC6A3-2145-4555-AD1B-B32F5481147B}.Release|Any CPU.Build.0 = Release|Any CPU
	EndGlobalSection
EndGlobal
