
Microsoft Visual Studio Solution File, Format Version 12.00
Project("{FAE04EC0-301F-11D3-BF4B-00C04F79EFBC}") = "LangC", "LangC\LangC.csproj", "{DB833375-A7A0-4664-8291-F9AE348E798B}"
EndProject
Project("{FAE04EC0-301F-11D3-BF4B-00C04F79EFBC}") = "TestPlugin", "TestPlugin\TestPlugin.csproj", "{6872A123-7C14-4EC4-8C4D-1CB83DD923D4}"
EndProject
Project("{FAE04EC0-301F-11D3-BF4B-00C04F79EFBC}") = "TestPlugin.UI", "TestPlugin.UI\TestPlugin.UI.csproj", "{3A736BF7-0D9C-45A7-8BFE-0A2684C85586}"
EndProject
Project("{FAE04EC0-301F-11D3-BF4B-00C04F79EFBC}") = "MarkdownViewer", "MarkdownViewer\MarkdownViewer.csproj", "{2576C227-2286-4B6F-84BA-6EA6F4F3DCEB}"
EndProject
Project("{FAE04EC0-301F-11D3-BF4B-00C04F79EFBC}") = "TestGeneratorUpdateService", "TestGeneratorUpdateService\TestGeneratorUpdateService.csproj", "{09FE5283-588E-401A-A7AF-2E9EA8208646}"
EndProject
Project("{FAE04EC0-301F-11D3-BF4B-00C04F79EFBC}") = "MarkdownReports", "MarkdownReports\MarkdownReports.csproj", "{D2F168B1-10D9-45CA-9563-36E86DD5E9FC}"
EndProject
Project("{FAE04EC0-301F-11D3-BF4B-00C04F79EFBC}") = "PluginAdmin", "PluginAdmin\PluginAdmin.csproj", "{AA65CFB4-6A02-4623-8A21-2135A4BDBC6E}"
EndProject
Project("{FAE04EC0-301F-11D3-BF4B-00C04F79EFBC}") = "LangPython", "LangPython\LangPython.csproj", "{E01EC6A3-2145-4555-AD1B-B32F5481147B}"
EndProject
Project("{FAE04EC0-301F-11D3-BF4B-00C04F79EFBC}") = "WslPlugin", "WslPlugin\WslPlugin.csproj", "{77B892A1-B1D3-41E1-8AA7-F12FD88EDF2B}"
EndProject
Project("{FAE04EC0-301F-11D3-BF4B-00C04F79EFBC}") = "Tests", "Tests\Tests.csproj", "{5FA18C77-47BD-45B8-B65E-01E64F9C94DF}"
EndProject
Project("{FAE04EC0-301F-11D3-BF4B-00C04F79EFBC}") = "Dotnet", "Dotnet\Dotnet.csproj", "{36AF64D0-E5C1-43C0-802F-FA043B583C5C}"
EndProject
Project("{2150E333-8FDC-42A3-9474-1A3956D46DE8}") = "SshPlugin", "SshPlugin", "{30B8DF59-80E8-43E2-A4E3-4CB336EC67AE}"
EndProject
Project("{FAE04EC0-301F-11D3-BF4B-00C04F79EFBC}") = "SshPlugin", "SshPlugin\SshPlugin\SshPlugin.csproj", "{B6A74572-7F0D-4B6B-8F26-61AC9D7AD922}"
EndProject
Project("{FAE04EC0-301F-11D3-BF4B-00C04F79EFBC}") = "SshPlugin.Api", "SshPlugin\SshPlugin.Api\SshPlugin.Api.csproj", "{377B7067-98B6-4CBB-8F0D-71F7D394ACF5}"
EndProject
Project("{FAE04EC0-301F-11D3-BF4B-00C04F79EFBC}") = "WebView", "WebView\WebView.csproj", "{FE207AD8-812F-4092-84EB-9D3175ABE88A}"
EndProject
Project("{FAE04EC0-301F-11D3-BF4B-00C04F79EFBC}") = "Git", "Git\Git.csproj", "{DD883379-6AE8-4E4D-BE31-CCFE6BAAB411}"
EndProject
Global
	GlobalSection(SolutionConfigurationPlatforms) = preSolution
		Debug|Any CPU = Debug|Any CPU
		Release|Any CPU = Release|Any CPU
	EndGlobalSection
	GlobalSection(ProjectConfigurationPlatforms) = postSolution
		{DB833375-A7A0-4664-8291-F9AE348E798B}.Debug|Any CPU.ActiveCfg = Debug|Any CPU
		{DB833375-A7A0-4664-8291-F9AE348E798B}.Debug|Any CPU.Build.0 = Debug|Any CPU
		{DB833375-A7A0-4664-8291-F9AE348E798B}.Release|Any CPU.ActiveCfg = Release|Any CPU
		{DB833375-A7A0-4664-8291-F9AE348E798B}.Release|Any CPU.Build.0 = Release|Any CPU
		{6872A123-7C14-4EC4-8C4D-1CB83DD923D4}.Debug|Any CPU.ActiveCfg = Debug|Any CPU
		{6872A123-7C14-4EC4-8C4D-1CB83DD923D4}.Debug|Any CPU.Build.0 = Debug|Any CPU
		{6872A123-7C14-4EC4-8C4D-1CB83DD923D4}.Release|Any CPU.ActiveCfg = Release|Any CPU
		{6872A123-7C14-4EC4-8C4D-1CB83DD923D4}.Release|Any CPU.Build.0 = Release|Any CPU
		{3A736BF7-0D9C-45A7-8BFE-0A2684C85586}.Debug|Any CPU.ActiveCfg = Debug|Any CPU
		{3A736BF7-0D9C-45A7-8BFE-0A2684C85586}.Debug|Any CPU.Build.0 = Debug|Any CPU
		{3A736BF7-0D9C-45A7-8BFE-0A2684C85586}.Release|Any CPU.ActiveCfg = Release|Any CPU
		{3A736BF7-0D9C-45A7-8BFE-0A2684C85586}.Release|Any CPU.Build.0 = Release|Any CPU
		{2576C227-2286-4B6F-84BA-6EA6F4F3DCEB}.Debug|Any CPU.ActiveCfg = Debug|Any CPU
		{2576C227-2286-4B6F-84BA-6EA6F4F3DCEB}.Debug|Any CPU.Build.0 = Debug|Any CPU
		{2576C227-2286-4B6F-84BA-6EA6F4F3DCEB}.Release|Any CPU.ActiveCfg = Release|Any CPU
		{2576C227-2286-4B6F-84BA-6EA6F4F3DCEB}.Release|Any CPU.Build.0 = Release|Any CPU
		{09FE5283-588E-401A-A7AF-2E9EA8208646}.Debug|Any CPU.ActiveCfg = Debug|Any CPU
		{09FE5283-588E-401A-A7AF-2E9EA8208646}.Debug|Any CPU.Build.0 = Debug|Any CPU
		{09FE5283-588E-401A-A7AF-2E9EA8208646}.Release|Any CPU.ActiveCfg = Release|Any CPU
		{09FE5283-588E-401A-A7AF-2E9EA8208646}.Release|Any CPU.Build.0 = Release|Any CPU
		{D2F168B1-10D9-45CA-9563-36E86DD5E9FC}.Debug|Any CPU.ActiveCfg = Debug|Any CPU
		{D2F168B1-10D9-45CA-9563-36E86DD5E9FC}.Debug|Any CPU.Build.0 = Debug|Any CPU
		{D2F168B1-10D9-45CA-9563-36E86DD5E9FC}.Release|Any CPU.ActiveCfg = Release|Any CPU
		{D2F168B1-10D9-45CA-9563-36E86DD5E9FC}.Release|Any CPU.Build.0 = Release|Any CPU
		{AA65CFB4-6A02-4623-8A21-2135A4BDBC6E}.Debug|Any CPU.ActiveCfg = Debug|Any CPU
		{AA65CFB4-6A02-4623-8A21-2135A4BDBC6E}.Debug|Any CPU.Build.0 = Debug|Any CPU
		{AA65CFB4-6A02-4623-8A21-2135A4BDBC6E}.Release|Any CPU.ActiveCfg = Release|Any CPU
		{AA65CFB4-6A02-4623-8A21-2135A4BDBC6E}.Release|Any CPU.Build.0 = Release|Any CPU
		{E01EC6A3-2145-4555-AD1B-B32F5481147B}.Debug|Any CPU.ActiveCfg = Debug|Any CPU
		{E01EC6A3-2145-4555-AD1B-B32F5481147B}.Debug|Any CPU.Build.0 = Debug|Any CPU
		{E01EC6A3-2145-4555-AD1B-B32F5481147B}.Release|Any CPU.ActiveCfg = Release|Any CPU
		{E01EC6A3-2145-4555-AD1B-B32F5481147B}.Release|Any CPU.Build.0 = Release|Any CPU
		{77B892A1-B1D3-41E1-8AA7-F12FD88EDF2B}.Debug|Any CPU.ActiveCfg = Debug|Any CPU
		{77B892A1-B1D3-41E1-8AA7-F12FD88EDF2B}.Debug|Any CPU.Build.0 = Debug|Any CPU
		{77B892A1-B1D3-41E1-8AA7-F12FD88EDF2B}.Release|Any CPU.ActiveCfg = Release|Any CPU
		{77B892A1-B1D3-41E1-8AA7-F12FD88EDF2B}.Release|Any CPU.Build.0 = Release|Any CPU
		{5FA18C77-47BD-45B8-B65E-01E64F9C94DF}.Debug|Any CPU.ActiveCfg = Debug|Any CPU
		{5FA18C77-47BD-45B8-B65E-01E64F9C94DF}.Debug|Any CPU.Build.0 = Debug|Any CPU
		{5FA18C77-47BD-45B8-B65E-01E64F9C94DF}.Release|Any CPU.ActiveCfg = Release|Any CPU
		{5FA18C77-47BD-45B8-B65E-01E64F9C94DF}.Release|Any CPU.Build.0 = Release|Any CPU
		{36AF64D0-E5C1-43C0-802F-FA043B583C5C}.Debug|Any CPU.ActiveCfg = Debug|Any CPU
		{36AF64D0-E5C1-43C0-802F-FA043B583C5C}.Debug|Any CPU.Build.0 = Debug|Any CPU
		{36AF64D0-E5C1-43C0-802F-FA043B583C5C}.Release|Any CPU.ActiveCfg = Release|Any CPU
		{36AF64D0-E5C1-43C0-802F-FA043B583C5C}.Release|Any CPU.Build.0 = Release|Any CPU
		{B6A74572-7F0D-4B6B-8F26-61AC9D7AD922}.Debug|Any CPU.ActiveCfg = Debug|Any CPU
		{B6A74572-7F0D-4B6B-8F26-61AC9D7AD922}.Debug|Any CPU.Build.0 = Debug|Any CPU
		{B6A74572-7F0D-4B6B-8F26-61AC9D7AD922}.Release|Any CPU.ActiveCfg = Release|Any CPU
		{B6A74572-7F0D-4B6B-8F26-61AC9D7AD922}.Release|Any CPU.Build.0 = Release|Any CPU
		{377B7067-98B6-4CBB-8F0D-71F7D394ACF5}.Debug|Any CPU.ActiveCfg = Debug|Any CPU
		{377B7067-98B6-4CBB-8F0D-71F7D394ACF5}.Debug|Any CPU.Build.0 = Debug|Any CPU
		{377B7067-98B6-4CBB-8F0D-71F7D394ACF5}.Release|Any CPU.ActiveCfg = Release|Any CPU
		{377B7067-98B6-4CBB-8F0D-71F7D394ACF5}.Release|Any CPU.Build.0 = Release|Any CPU
		{FE207AD8-812F-4092-84EB-9D3175ABE88A}.Debug|Any CPU.ActiveCfg = Debug|Any CPU
		{FE207AD8-812F-4092-84EB-9D3175ABE88A}.Debug|Any CPU.Build.0 = Debug|Any CPU
		{FE207AD8-812F-4092-84EB-9D3175ABE88A}.Release|Any CPU.ActiveCfg = Release|Any CPU
		{FE207AD8-812F-4092-84EB-9D3175ABE88A}.Release|Any CPU.Build.0 = Release|Any CPU
		{DD883379-6AE8-4E4D-BE31-CCFE6BAAB411}.Debug|Any CPU.ActiveCfg = Debug|Any CPU
		{DD883379-6AE8-4E4D-BE31-CCFE6BAAB411}.Debug|Any CPU.Build.0 = Debug|Any CPU
		{DD883379-6AE8-4E4D-BE31-CCFE6BAAB411}.Release|Any CPU.ActiveCfg = Release|Any CPU
		{DD883379-6AE8-4E4D-BE31-CCFE6BAAB411}.Release|Any CPU.Build.0 = Release|Any CPU
	EndGlobalSection
	GlobalSection(NestedProjects) = preSolution
		{B6A74572-7F0D-4B6B-8F26-61AC9D7AD922} = {30B8DF59-80E8-43E2-A4E3-4CB336EC67AE}
		{377B7067-98B6-4CBB-8F0D-71F7D394ACF5} = {30B8DF59-80E8-43E2-A4E3-4CB336EC67AE}
	EndGlobalSection
EndGlobal
